// !$*UTF8*$!
{
	archiveVersion = 1;
	classes = {
	};
	objectVersion = 50;
	objects = {

/* Begin PBXBuildFile section */
		433A694322DD5A7B00DFBDF9 /* MSD.c in Sources */ = {isa = PBXBuildFile; fileRef = 433A692F22DD129E00DFBDF9 /* MSD.c */; };
		433A694422DD5A8A00DFBDF9 /* main.c in Sources */ = {isa = PBXBuildFile; fileRef = 433A693822DD18E500DFBDF9 /* main.c */; };
		433A694522DD5BA400DFBDF9 /* rndbm.c in Sources */ = {isa = PBXBuildFile; fileRef = 4393F57622D7F77800EE1089 /* rndbm.c */; };
/* End PBXBuildFile section */

/* Begin PBXBuildRule section */
		433A693D22DD18FB00DFBDF9 /* PBXBuildRule */ = {
			isa = PBXBuildRule;
			compilerSpec = com.intel.compilers.icc.latest;
			fileType = sourcecode.c;
			isEditable = 1;
			outputFiles = (
			);
			script = "# Type a script or drag a script file from your workspace to insert its path.\n";
		};
		4393F57322D7F59600EE1089 /* PBXBuildRule */ = {
			isa = PBXBuildRule;
			compilerSpec = com.intel.compilers.icc.19_0_0;
			fileType = sourcecode.c;
			isEditable = 1;
			outputFiles = (
			);
			script = "# Type a script or drag a script file from your workspace to insert its path.\n";
		};
/* End PBXBuildRule section */

/* Begin PBXCopyFilesBuildPhase section */
		433A693422DD18E400DFBDF9 /* CopyFiles */ = {
			isa = PBXCopyFilesBuildPhase;
			buildActionMask = 2147483647;
			dstPath = /usr/share/man/man1/;
			dstSubfolderSpec = 0;
			files = (
			);
			runOnlyForDeploymentPostprocessing = 1;
		};
		4393F56722D7F58D00EE1089 /* CopyFiles */ = {
			isa = PBXCopyFilesBuildPhase;
			buildActionMask = 2147483647;
			dstPath = /usr/share/man/man1/;
			dstSubfolderSpec = 0;
			files = (
			);
			runOnlyForDeploymentPostprocessing = 1;
		};
/* End PBXCopyFilesBuildPhase section */

/* Begin PBXFileReference section */
		433A692F22DD129E00DFBDF9 /* MSD.c */ = {isa = PBXFileReference; fileEncoding = 4; lastKnownFileType = sourcecode.c.c; path = MSD.c; sourceTree = "<group>"; };
		433A693622DD18E400DFBDF9 /* try */ = {isa = PBXFileReference; explicitFileType = "compiled.mach-o.executable"; includeInIndex = 0; path = try; sourceTree = BUILT_PRODUCTS_DIR; };
		433A693822DD18E500DFBDF9 /* main.c */ = {isa = PBXFileReference; lastKnownFileType = sourcecode.c.c; path = main.c; sourceTree = "<group>"; };
		4393F56922D7F58D00EE1089 /* Intel-C */ = {isa = PBXFileReference; explicitFileType = "compiled.mach-o.executable"; includeInIndex = 0; path = "Intel-C"; sourceTree = BUILT_PRODUCTS_DIR; };
		4393F57422D7F77800EE1089 /* rndbm.h */ = {isa = PBXFileReference; fileEncoding = 4; lastKnownFileType = sourcecode.c.h; path = rndbm.h; sourceTree = "<group>"; };
		4393F57622D7F77800EE1089 /* rndbm.c */ = {isa = PBXFileReference; fileEncoding = 4; lastKnownFileType = sourcecode.c.c; path = rndbm.c; sourceTree = "<group>"; };
/* End PBXFileReference section */

/* Begin PBXFrameworksBuildPhase section */
		433A693322DD18E400DFBDF9 /* Frameworks */ = {
			isa = PBXFrameworksBuildPhase;
			buildActionMask = 2147483647;
			files = (
			);
			runOnlyForDeploymentPostprocessing = 0;
		};
		4393F56622D7F58D00EE1089 /* Frameworks */ = {
			isa = PBXFrameworksBuildPhase;
			buildActionMask = 2147483647;
			files = (
			);
			runOnlyForDeploymentPostprocessing = 0;
		};
/* End PBXFrameworksBuildPhase section */

/* Begin PBXGroup section */
		433A693722DD18E500DFBDF9 /* try */ = {
			isa = PBXGroup;
			children = (
				433A693822DD18E500DFBDF9 /* main.c */,
			);
			path = try;
			sourceTree = "<group>";
		};
		4393F56022D7F58D00EE1089 = {
			isa = PBXGroup;
			children = (
				4393F56B22D7F58D00EE1089 /* Intel-C */,
				433A693722DD18E500DFBDF9 /* try */,
				4393F56A22D7F58D00EE1089 /* Products */,
			);
			sourceTree = "<group>";
		};
		4393F56A22D7F58D00EE1089 /* Products */ = {
			isa = PBXGroup;
			children = (
				4393F56922D7F58D00EE1089 /* Intel-C */,
				433A693622DD18E400DFBDF9 /* try */,
			);
			name = Products;
			sourceTree = "<group>";
		};
		4393F56B22D7F58D00EE1089 /* Intel-C */ = {
			isa = PBXGroup;
			children = (
				433A692F22DD129E00DFBDF9 /* MSD.c */,
				4393F57422D7F77800EE1089 /* rndbm.h */,
				4393F57622D7F77800EE1089 /* rndbm.c */,
			);
			path = "Intel-C";
			sourceTree = "<group>";
		};
/* End PBXGroup section */

/* Begin PBXNativeTarget section */
		433A693522DD18E400DFBDF9 /* try */ = {
			isa = PBXNativeTarget;
			buildConfigurationList = 433A693A22DD18E500DFBDF9 /* Build configuration list for PBXNativeTarget "try" */;
			buildPhases = (
				433A693222DD18E400DFBDF9 /* Sources */,
				433A693322DD18E400DFBDF9 /* Frameworks */,
				433A693422DD18E400DFBDF9 /* CopyFiles */,
			);
			buildRules = (
				433A693D22DD18FB00DFBDF9 /* PBXBuildRule */,
			);
			dependencies = (
			);
			name = try;
			productName = try;
			productReference = 433A693622DD18E400DFBDF9 /* try */;
			productType = "com.apple.product-type.tool";
		};
		4393F56822D7F58D00EE1089 /* Intel-C */ = {
			isa = PBXNativeTarget;
			buildConfigurationList = 4393F57022D7F58D00EE1089 /* Build configuration list for PBXNativeTarget "Intel-C" */;
			buildPhases = (
				4393F56522D7F58D00EE1089 /* Sources */,
				4393F56622D7F58D00EE1089 /* Frameworks */,
				4393F56722D7F58D00EE1089 /* CopyFiles */,
			);
			buildRules = (
				4393F57322D7F59600EE1089 /* PBXBuildRule */,
			);
			dependencies = (
			);
			name = "Intel-C";
			productName = "Intel-C";
			productReference = 4393F56922D7F58D00EE1089 /* Intel-C */;
			productType = "com.apple.product-type.tool";
		};
/* End PBXNativeTarget section */

/* Begin PBXProject section */
		4393F56122D7F58D00EE1089 /* Project object */ = {
			isa = PBXProject;
			attributes = {
				DefaultBuildSystemTypeForWorkspace = Original;
				LastUpgradeCheck = 1020;
				ORGANIZATIONNAME = "Louis Murguia";
				TargetAttributes = {
					433A693522DD18E400DFBDF9 = {
						CreatedOnToolsVersion = 10.2.1;
					};
					4393F56822D7F58D00EE1089 = {
						CreatedOnToolsVersion = 10.2.1;
					};
				};
			};
			buildConfigurationList = 4393F56422D7F58D00EE1089 /* Build configuration list for PBXProject "Intel-C" */;
			compatibilityVersion = "Xcode 9.3";
			developmentRegion = en;
			hasScannedForEncodings = 0;
			knownRegions = (
				en,
			);
			mainGroup = 4393F56022D7F58D00EE1089;
			productRefGroup = 4393F56A22D7F58D00EE1089 /* Products */;
			projectDirPath = "";
			projectRoot = "";
			targets = (
				4393F56822D7F58D00EE1089 /* Intel-C */,
				433A693522DD18E400DFBDF9 /* try */,
			);
		};
/* End PBXProject section */

/* Begin PBXSourcesBuildPhase section */
		433A693222DD18E400DFBDF9 /* Sources */ = {
			isa = PBXSourcesBuildPhase;
			buildActionMask = 2147483647;
			files = (
				433A694422DD5A8A00DFBDF9 /* main.c in Sources */,
			);
			runOnlyForDeploymentPostprocessing = 0;
		};
		4393F56522D7F58D00EE1089 /* Sources */ = {
			isa = PBXSourcesBuildPhase;
			buildActionMask = 2147483647;
			files = (
				433A694322DD5A7B00DFBDF9 /* MSD.c in Sources */,
				433A694522DD5BA400DFBDF9 /* rndbm.c in Sources */,
			);
			runOnlyForDeploymentPostprocessing = 0;
		};
/* End PBXSourcesBuildPhase section */

/* Begin XCBuildConfiguration section */
		433A693B22DD18E500DFBDF9 /* Debug */ = {
			isa = XCBuildConfiguration;
			buildSettings = {
				CODE_SIGN_STYLE = Automatic;
				DEVELOPMENT_TEAM = 3GB4PRBCNM;
				PRODUCT_NAME = "$(TARGET_NAME)";
			};
			name = Debug;
		};
		433A693C22DD18E500DFBDF9 /* Release */ = {
			isa = XCBuildConfiguration;
			buildSettings = {
				CODE_SIGN_STYLE = Automatic;
				DEVELOPMENT_TEAM = 3GB4PRBCNM;
				PRODUCT_NAME = "$(TARGET_NAME)";
			};
			name = Release;
		};
		4393F56E22D7F58D00EE1089 /* Debug */ = {
			isa = XCBuildConfiguration;
			buildSettings = {
				ALWAYS_SEARCH_USER_PATHS = NO;
				CLANG_ANALYZER_NONNULL = YES;
				CLANG_ANALYZER_NUMBER_OBJECT_CONVERSION = YES_AGGRESSIVE;
				CLANG_CXX_LANGUAGE_STANDARD = "gnu++14";
				CLANG_CXX_LIBRARY = "libc++";
				CLANG_ENABLE_MODULES = YES;
				CLANG_ENABLE_OBJC_ARC = YES;
				CLANG_ENABLE_OBJC_WEAK = YES;
				CLANG_WARN_BLOCK_CAPTURE_AUTORELEASING = YES;
				CLANG_WARN_BOOL_CONVERSION = YES;
				CLANG_WARN_COMMA = YES;
				CLANG_WARN_CONSTANT_CONVERSION = YES;
				CLANG_WARN_DEPRECATED_OBJC_IMPLEMENTATIONS = YES;
				CLANG_WARN_DIRECT_OBJC_ISA_USAGE = YES_ERROR;
				CLANG_WARN_DOCUMENTATION_COMMENTS = YES;
				CLANG_WARN_EMPTY_BODY = YES;
				CLANG_WARN_ENUM_CONVERSION = YES;
				CLANG_WARN_INFINITE_RECURSION = YES;
				CLANG_WARN_INT_CONVERSION = YES;
				CLANG_WARN_NON_LITERAL_NULL_CONVERSION = YES;
				CLANG_WARN_OBJC_IMPLICIT_RETAIN_SELF = YES;
				CLANG_WARN_OBJC_LITERAL_CONVERSION = YES;
				CLANG_WARN_OBJC_ROOT_CLASS = YES_ERROR;
				CLANG_WARN_RANGE_LOOP_ANALYSIS = YES;
				CLANG_WARN_STRICT_PROTOTYPES = YES;
				CLANG_WARN_SUSPICIOUS_MOVE = YES;
				CLANG_WARN_UNGUARDED_AVAILABILITY = YES_AGGRESSIVE;
				CLANG_WARN_UNREACHABLE_CODE = YES;
				CLANG_WARN__DUPLICATE_METHOD_MATCH = YES;
				CODE_SIGN_IDENTITY = "Mac Developer";
				COPY_PHASE_STRIP = NO;
				DEBUG_INFORMATION_FORMAT = dwarf;
				ENABLE_STRICT_OBJC_MSGSEND = YES;
				ENABLE_TESTABILITY = YES;
				GCC_C_LANGUAGE_STANDARD = gnu11;
				GCC_DYNAMIC_NO_PIC = NO;
				GCC_NO_COMMON_BLOCKS = YES;
				GCC_OPTIMIZATION_LEVEL = 0;
				GCC_PREPROCESSOR_DEFINITIONS = (
					"DEBUG=1",
					"$(inherited)",
				);
				GCC_WARN_64_TO_32_BIT_CONVERSION = YES;
				GCC_WARN_ABOUT_RETURN_TYPE = YES_ERROR;
				GCC_WARN_UNDECLARED_SELECTOR = YES;
				GCC_WARN_UNINITIALIZED_AUTOS = YES_AGGRESSIVE;
				GCC_WARN_UNUSED_FUNCTION = YES;
				GCC_WARN_UNUSED_VARIABLE = YES;
				MACOSX_DEPLOYMENT_TARGET = 10.14;
				MTL_ENABLE_DEBUG_INFO = INCLUDE_SOURCE;
				MTL_FAST_MATH = YES;
				ONLY_ACTIVE_ARCH = YES;
				SDKROOT = macosx;
			};
			name = Debug;
		};
		4393F56F22D7F58D00EE1089 /* Release */ = {
			isa = XCBuildConfiguration;
			buildSettings = {
				ALWAYS_SEARCH_USER_PATHS = NO;
				CLANG_ANALYZER_NONNULL = YES;
				CLANG_ANALYZER_NUMBER_OBJECT_CONVERSION = YES_AGGRESSIVE;
				CLANG_CXX_LANGUAGE_STANDARD = "gnu++14";
				CLANG_CXX_LIBRARY = "libc++";
				CLANG_ENABLE_MODULES = YES;
				CLANG_ENABLE_OBJC_ARC = YES;
				CLANG_ENABLE_OBJC_WEAK = YES;
				CLANG_WARN_BLOCK_CAPTURE_AUTORELEASING = YES;
				CLANG_WARN_BOOL_CONVERSION = YES;
				CLANG_WARN_COMMA = YES;
				CLANG_WARN_CONSTANT_CONVERSION = YES;
				CLANG_WARN_DEPRECATED_OBJC_IMPLEMENTATIONS = YES;
				CLANG_WARN_DIRECT_OBJC_ISA_USAGE = YES_ERROR;
				CLANG_WARN_DOCUMENTATION_COMMENTS = YES;
				CLANG_WARN_EMPTY_BODY = YES;
				CLANG_WARN_ENUM_CONVERSION = YES;
				CLANG_WARN_INFINITE_RECURSION = YES;
				CLANG_WARN_INT_CONVERSION = YES;
				CLANG_WARN_NON_LITERAL_NULL_CONVERSION = YES;
				CLANG_WARN_OBJC_IMPLICIT_RETAIN_SELF = YES;
				CLANG_WARN_OBJC_LITERAL_CONVERSION = YES;
				CLANG_WARN_OBJC_ROOT_CLASS = YES_ERROR;
				CLANG_WARN_RANGE_LOOP_ANALYSIS = YES;
				CLANG_WARN_STRICT_PROTOTYPES = YES;
				CLANG_WARN_SUSPICIOUS_MOVE = YES;
				CLANG_WARN_UNGUARDED_AVAILABILITY = YES_AGGRESSIVE;
				CLANG_WARN_UNREACHABLE_CODE = YES;
				CLANG_WARN__DUPLICATE_METHOD_MATCH = YES;
				CODE_SIGN_IDENTITY = "Mac Developer";
				COPY_PHASE_STRIP = NO;
				DEBUG_INFORMATION_FORMAT = "dwarf-with-dsym";
				ENABLE_NS_ASSERTIONS = NO;
				ENABLE_STRICT_OBJC_MSGSEND = YES;
				GCC_C_LANGUAGE_STANDARD = gnu11;
				GCC_NO_COMMON_BLOCKS = YES;
				GCC_WARN_64_TO_32_BIT_CONVERSION = YES;
				GCC_WARN_ABOUT_RETURN_TYPE = YES_ERROR;
				GCC_WARN_UNDECLARED_SELECTOR = YES;
				GCC_WARN_UNINITIALIZED_AUTOS = YES_AGGRESSIVE;
				GCC_WARN_UNUSED_FUNCTION = YES;
				GCC_WARN_UNUSED_VARIABLE = YES;
				MACOSX_DEPLOYMENT_TARGET = 10.14;
				MTL_ENABLE_DEBUG_INFO = NO;
				MTL_FAST_MATH = YES;
				SDKROOT = macosx;
			};
			name = Release;
		};
		4393F57122D7F58D00EE1089 /* Debug */ = {
			isa = XCBuildConfiguration;
			buildSettings = {
				CODE_SIGN_STYLE = Automatic;
				DEVELOPMENT_TEAM = 3GB4PRBCNM;
				HEADER_SEARCH_PATHS = "";
				PRODUCT_NAME = "$(TARGET_NAME)";
			};
			name = Debug;
		};
		4393F57222D7F58D00EE1089 /* Release */ = {
			isa = XCBuildConfiguration;
			buildSettings = {
				CODE_SIGN_STYLE = Automatic;
				DEVELOPMENT_TEAM = 3GB4PRBCNM;
				HEADER_SEARCH_PATHS = "";
				PRODUCT_NAME = "$(TARGET_NAME)";
			};
			name = Release;
		};
/* End XCBuildConfiguration section */

/* Begin XCConfigurationList section */
		433A693A22DD18E500DFBDF9 /* Build configuration list for PBXNativeTarget "try" */ = {
			isa = XCConfigurationList;
			buildConfigurations = (
				433A693B22DD18E500DFBDF9 /* Debug */,
				433A693C22DD18E500DFBDF9 /* Release */,
			);
			defaultConfigurationIsVisible = 0;
			defaultConfigurationName = Release;
		};
		4393F56422D7F58D00EE1089 /* Build configuration list for PBXProject "Intel-C" */ = {
			isa = XCConfigurationList;
			buildConfigurations = (
				4393F56E22D7F58D00EE1089 /* Debug */,
				4393F56F22D7F58D00EE1089 /* Release */,
			);
			defaultConfigurationIsVisible = 0;
			defaultConfigurationName = Release;
		};
		4393F57022D7F58D00EE1089 /* Build configuration list for PBXNativeTarget "Intel-C" */ = {
			isa = XCConfigurationList;
			buildConfigurations = (
				4393F57122D7F58D00EE1089 /* Debug */,
				4393F57222D7F58D00EE1089 /* Release */,
			);
			defaultConfigurationIsVisible = 0;
			defaultConfigurationName = Release;
		};
/* End XCConfigurationList section */
	};
	rootObject = 4393F56122D7F58D00EE1089 /* Project object */;
}
